
Microsoft Visual Studio Solution File, Format Version 12.00
# Visual Studio Version 16
VisualStudioVersion = 16.0.30517.126
MinimumVisualStudioVersion = 10.0.40219.1
Project("{FAE04EC0-301F-11D3-BF4B-00C04F79EFBC}") = "HashTableProgram", "HashTableProgram\HashTableProgram.csproj", "{C80F644F-5ECF-42F7-991D-704B6B66BAB3}"
EndProject
Global
	GlobalSection(SolutionConfigurationPlatforms) = preSolution
		Debug|Any CPU = Debug|Any CPU
		Release|Any CPU = Release|Any CPU
	EndGlobalSection
	GlobalSection(ProjectConfigurationPlatforms) = postSolution
		{C80F644F-5ECF-42F7-991D-704B6B66BAB3}.Debug|Any CPU.ActiveCfg = Debug|Any CPU
		{C80F644F-5ECF-42F7-991D-704B6B66BAB3}.Debug|Any CPU.Build.0 = Debug|Any CPU
		{C80F644F-5ECF-42F7-991D-704B6B66BAB3}.Release|Any CPU.ActiveCfg = Release|Any CPU
		{C80F644F-5ECF-42F7-991D-704B6B66BAB3}.Release|Any CPU.Build.0 = Release|Any CPU
	EndGlobalSection
	GlobalSection(SolutionProperties) = preSolution
		HideSolutionNode = FALSE
	EndGlobalSection
	GlobalSection(ExtensibilityGlobals) = postSolution
		SolutionGuid = {E1E71E9C-19ED-4CBB-BE4F-16CEE2DB323A}
	EndGlobalSection
EndGlobal
